
Microsoft Visual Studio Solution File, Format Version 10.00
# Visual Studio 2008
Project("{FAE04EC0-301F-11D3-BF4B-00C04F79EFBC}") = "VM", "VM.csproj", "{CA1E372F-60D3-4BF4-B686-18E2A8C2DBB2}"
EndProject
Project("{FAE04EC0-301F-11D3-BF4B-00C04F79EFBC}") = "Hohmann", "hohmann\Hohmann.csproj", "{CF8063C3-B1F2-482A-AEE9-CDAAA83E713D}"
EndProject
Project("{FAE04EC0-301F-11D3-BF4B-00C04F79EFBC}") = "Visualizer", "Visualizer\Visualizer.csproj", "{EA6C8302-9CB5-4C2C-A056-6D06DB2251EF}"
EndProject
Global
	GlobalSection(SolutionConfigurationPlatforms) = preSolution
		Debug|Any CPU = Debug|Any CPU
		Release|Any CPU = Release|Any CPU
	EndGlobalSection
	GlobalSection(ProjectConfigurationPlatforms) = postSolution
		{CA1E372F-60D3-4BF4-B686-18E2A8C2DBB2}.Debug|Any CPU.ActiveCfg = Debug|Any CPU
		{CA1E372F-60D3-4BF4-B686-18E2A8C2DBB2}.Debug|Any CPU.Build.0 = Debug|Any CPU
		{CA1E372F-60D3-4BF4-B686-18E2A8C2DBB2}.Release|Any CPU.ActiveCfg = Release|Any CPU
		{CA1E372F-60D3-4BF4-B686-18E2A8C2DBB2}.Release|Any CPU.Build.0 = Release|Any CPU
		{CF8063C3-B1F2-482A-AEE9-CDAAA83E713D}.Debug|Any CPU.ActiveCfg = Debug|Any CPU
		{CF8063C3-B1F2-482A-AEE9-CDAAA83E713D}.Debug|Any CPU.Build.0 = Debug|Any CPU
		{CF8063C3-B1F2-482A-AEE9-CDAAA83E713D}.Release|Any CPU.ActiveCfg = Release|Any CPU
		{CF8063C3-B1F2-482A-AEE9-CDAAA83E713D}.Release|Any CPU.Build.0 = Release|Any CPU
		{EA6C8302-9CB5-4C2C-A056-6D06DB2251EF}.Debug|Any CPU.ActiveCfg = Debug|Any CPU
		{EA6C8302-9CB5-4C2C-A056-6D06DB2251EF}.Debug|Any CPU.Build.0 = Debug|Any CPU
		{EA6C8302-9CB5-4C2C-A056-6D06DB2251EF}.Release|Any CPU.ActiveCfg = Release|Any CPU
		{EA6C8302-9CB5-4C2C-A056-6D06DB2251EF}.Release|Any CPU.Build.0 = Release|Any CPU
	EndGlobalSection
	GlobalSection(SolutionProperties) = preSolution
		HideSolutionNode = FALSE
	EndGlobalSection
	GlobalSection(ExtensibilityGlobals) = postSolution
		VisualSVNWorkingCopyRoot = .
	EndGlobalSection
EndGlobal
